Microsoft Visual Studio Solution File, Format Version 12.00
# Visual Studio 2013
VisualStudioVersion = 12.0.30723.0
MinimumVisualStudioVersion = 10.0.40219.1
Project("{E24C65DC-7377-472B-9ABA-BC803B73C61A}") = "RockWeb", "http://localhost:50345", "{22348267-9BDF-4B5E-BB6E-37B5FA770224}"
	ProjectSection(WebsiteProperties) = preProject
		UseIISExpress = "true"
		TargetFrameworkMoniker = ".NETFramework,Version%3Dv4.5.1"
		ProjectReferences = "{496ec024-71ed-4ad1-b677-2a3fa60ccd05}|com.centralaz.SampleProject.dll;"
		Debug.AspNetCompiler.VirtualPath = "/localhost_50345"
		Debug.AspNetCompiler.PhysicalPath = "RockWeb\"
		Debug.AspNetCompiler.TargetPath = "PrecompiledWeb\localhost_50345\"
		Debug.AspNetCompiler.Updateable = "true"
		Debug.AspNetCompiler.ForceOverwrite = "true"
		Debug.AspNetCompiler.FixedNames = "false"
		Debug.AspNetCompiler.Debug = "True"
		Release.AspNetCompiler.VirtualPath = "/localhost_50345"
		Release.AspNetCompiler.PhysicalPath = "RockWeb\"
		Release.AspNetCompiler.TargetPath = "PrecompiledWeb\localhost_50345\"
		Release.AspNetCompiler.Updateable = "true"
		Release.AspNetCompiler.ForceOverwrite = "true"
		Release.AspNetCompiler.FixedNames = "false"
		Release.AspNetCompiler.Debug = "False"
		SlnRelativePath = "RockWeb\"
	EndProjectSection
EndProject
Project("{FAE04EC0-301F-11D3-BF4B-00C04F79EFBC}") = "com.centralaz.SampleProject", "com.centralaz.SampleProject\com.centralaz.SampleProject.csproj", "{496EC024-71ED-4AD1-B677-2A3FA60CCD05}"
EndProject
Project("{FAE04EC0-301F-11D3-BF4B-00C04F79EFBC}") = "com.centralaz.Utility", "com.centralaz.Utility\com.centralaz.Utility.csproj", "{A0D78E86-3DFB-4C3A-B59C-0619331D5BC1}"
EndProject
Project("{FAE04EC0-301F-11D3-BF4B-00C04F79EFBC}") = "com.centralaz.Prayer", "com.centralaz.Prayer\com.centralaz.Prayer.csproj", "{C3ECBD29-691A-4C3D-BB27-BBD3B29557EF}"
EndProject
Project("{FAE04EC0-301F-11D3-BF4B-00C04F79EFBC}") = "com.centralaz.Accountability", "com.centralaz.Accountability\com.centralaz.Accountability.csproj", "{1D63AC63-BCFA-4026-8715-74ACD19D3FBE}"
EndProject
Global
	GlobalSection(SolutionConfigurationPlatforms) = preSolution
		Debug|Any CPU = Debug|Any CPU
		Release|Any CPU = Release|Any CPU
	EndGlobalSection
	GlobalSection(ProjectConfigurationPlatforms) = postSolution
		{22348267-9BDF-4B5E-BB6E-37B5FA770224}.Debug|Any CPU.ActiveCfg = Debug|Any CPU
		{22348267-9BDF-4B5E-BB6E-37B5FA770224}.Debug|Any CPU.Build.0 = Debug|Any CPU
		{22348267-9BDF-4B5E-BB6E-37B5FA770224}.Release|Any CPU.ActiveCfg = Debug|Any CPU
		{22348267-9BDF-4B5E-BB6E-37B5FA770224}.Release|Any CPU.Build.0 = Debug|Any CPU
		{496EC024-71ED-4AD1-B677-2A3FA60CCD05}.Debug|Any CPU.ActiveCfg = Debug|Any CPU
		{496EC024-71ED-4AD1-B677-2A3FA60CCD05}.Debug|Any CPU.Build.0 = Debug|Any CPU
		{496EC024-71ED-4AD1-B677-2A3FA60CCD05}.Release|Any CPU.ActiveCfg = Release|Any CPU
		{496EC024-71ED-4AD1-B677-2A3FA60CCD05}.Release|Any CPU.Build.0 = Release|Any CPU
		{A0D78E86-3DFB-4C3A-B59C-0619331D5BC1}.Debug|Any CPU.ActiveCfg = Debug|Any CPU
		{A0D78E86-3DFB-4C3A-B59C-0619331D5BC1}.Debug|Any CPU.Build.0 = Debug|Any CPU
		{A0D78E86-3DFB-4C3A-B59C-0619331D5BC1}.Release|Any CPU.ActiveCfg = Release|Any CPU
		{A0D78E86-3DFB-4C3A-B59C-0619331D5BC1}.Release|Any CPU.Build.0 = Release|Any CPU
		{C3ECBD29-691A-4C3D-BB27-BBD3B29557EF}.Debug|Any CPU.ActiveCfg = Debug|Any CPU
		{C3ECBD29-691A-4C3D-BB27-BBD3B29557EF}.Debug|Any CPU.Build.0 = Debug|Any CPU
		{C3ECBD29-691A-4C3D-BB27-BBD3B29557EF}.Release|Any CPU.ActiveCfg = Release|Any CPU
		{C3ECBD29-691A-4C3D-BB27-BBD3B29557EF}.Release|Any CPU.Build.0 = Release|Any CPU
		{1D63AC63-BCFA-4026-8715-74ACD19D3FBE}.Debug|Any CPU.ActiveCfg = Debug|Any CPU
		{1D63AC63-BCFA-4026-8715-74ACD19D3FBE}.Debug|Any CPU.Build.0 = Debug|Any CPU
		{1D63AC63-BCFA-4026-8715-74ACD19D3FBE}.Release|Any CPU.ActiveCfg = Release|Any CPU
		{1D63AC63-BCFA-4026-8715-74ACD19D3FBE}.Release|Any CPU.Build.0 = Release|Any CPU
	EndGlobalSection
	GlobalSection(SolutionProperties) = preSolution
		HideSolutionNode = FALSE
	EndGlobalSection
EndGlobal
